
Microsoft Visual Studio Solution File, Format Version 12.00
# Visual Studio Version 16
VisualStudioVersion = 16.0.30717.126
MinimumVisualStudioVersion = 10.0.40219.1
Project("{2150E333-8FDC-42A3-9474-1A3956D46DE8}") = "src", "src", "{800FA7D3-39B3-4E39-8F9A-89BC33883BCD}"
EndProject
Project("{2150E333-8FDC-42A3-9474-1A3956D46DE8}") = "tests", "tests", "{7B0534B1-C837-442C-B89B-09E1C216EFF2}"
EndProject
Project("{9A19103F-16F7-4668-BE54-9A1E7A4F7556}") = "Hw.Api.Domain", "src\Hw.Api.Domain\Hw.Api.Domain.csproj", "{A15E9639-91DA-47B5-A0F2-0C63D2BA61F5}"
EndProject
Project("{9A19103F-16F7-4668-BE54-9A1E7A4F7556}") = "Hw.Api.Infrastructure", "src\Hw.Api.Infrastructure\Hw.Api.Infrastructure.csproj", "{9E2884FC-797A-405E-A48A-6955B5033C81}"
EndProject
Project("{9A19103F-16F7-4668-BE54-9A1E7A4F7556}") = "Hw.Api.Ioc", "src\Hw.Api.Ioc\Hw.Api.Ioc.csproj", "{D1CA8C8B-27FD-4B71-BFF2-9E03DE9EE494}"
EndProject
Project("{2150E333-8FDC-42A3-9474-1A3956D46DE8}") = "Integration", "Integration", "{DB4BB985-812F-4653-9841-452E306BE00D}"
EndProject
Project("{2150E333-8FDC-42A3-9474-1A3956D46DE8}") = "Unit", "Unit", "{FFA96EB6-345F-4EE5-BA12-336CA76C2CDB}"
EndProject
Project("{9A19103F-16F7-4668-BE54-9A1E7A4F7556}") = "Hw.Api.Tests.Integration", "tests\Integration\Hw.Api.Tests.Integration\Hw.Api.Tests.Integration.csproj", "{CFA79DA5-ED34-4216-8459-2495BDD6ABFB}"
EndProject
Project("{9A19103F-16F7-4668-BE54-9A1E7A4F7556}") = "Hw.Api.Tests.Unit", "tests\Unit\Hw.Api.Tests.Unit\Hw.Api.Tests.Unit.csproj", "{70EC5DCE-6139-4203-95F0-4DD6435D9468}"
EndProject
Project("{9A19103F-16F7-4668-BE54-9A1E7A4F7556}") = "Hw.Api.Adapters", "src\Hw.Api.Adapters\Hw.Api.Adapters.csproj", "{95899335-E7B2-4C41-9196-8DA88AB5EE1B}"
EndProject
Project("{9A19103F-16F7-4668-BE54-9A1E7A4F7556}") = "Hw.Api.UseCases", "src\Hw.Api.UseCases\Hw.Api.UseCases.csproj", "{9EAF6AA9-B8C9-468B-B8C8-AA01A33879A7}"
EndProject
Global
	GlobalSection(SolutionConfigurationPlatforms) = preSolution
		Debug|Any CPU = Debug|Any CPU
		Release|Any CPU = Release|Any CPU
	EndGlobalSection
	GlobalSection(ProjectConfigurationPlatforms) = postSolution
		{A15E9639-91DA-47B5-A0F2-0C63D2BA61F5}.Debug|Any CPU.ActiveCfg = Debug|Any CPU
		{A15E9639-91DA-47B5-A0F2-0C63D2BA61F5}.Debug|Any CPU.Build.0 = Debug|Any CPU
		{A15E9639-91DA-47B5-A0F2-0C63D2BA61F5}.Release|Any CPU.ActiveCfg = Release|Any CPU
		{A15E9639-91DA-47B5-A0F2-0C63D2BA61F5}.Release|Any CPU.Build.0 = Release|Any CPU
		{9E2884FC-797A-405E-A48A-6955B5033C81}.Debug|Any CPU.ActiveCfg = Debug|Any CPU
		{9E2884FC-797A-405E-A48A-6955B5033C81}.Debug|Any CPU.Build.0 = Debug|Any CPU
		{9E2884FC-797A-405E-A48A-6955B5033C81}.Release|Any CPU.ActiveCfg = Release|Any CPU
		{9E2884FC-797A-405E-A48A-6955B5033C81}.Release|Any CPU.Build.0 = Release|Any CPU
		{D1CA8C8B-27FD-4B71-BFF2-9E03DE9EE494}.Debug|Any CPU.ActiveCfg = Debug|Any CPU
		{D1CA8C8B-27FD-4B71-BFF2-9E03DE9EE494}.Debug|Any CPU.Build.0 = Debug|Any CPU
		{D1CA8C8B-27FD-4B71-BFF2-9E03DE9EE494}.Release|Any CPU.ActiveCfg = Release|Any CPU
		{D1CA8C8B-27FD-4B71-BFF2-9E03DE9EE494}.Release|Any CPU.Build.0 = Release|Any CPU
		{CFA79DA5-ED34-4216-8459-2495BDD6ABFB}.Debug|Any CPU.ActiveCfg = Debug|Any CPU
		{CFA79DA5-ED34-4216-8459-2495BDD6ABFB}.Debug|Any CPU.Build.0 = Debug|Any CPU
		{CFA79DA5-ED34-4216-8459-2495BDD6ABFB}.Release|Any CPU.ActiveCfg = Release|Any CPU
		{CFA79DA5-ED34-4216-8459-2495BDD6ABFB}.Release|Any CPU.Build.0 = Release|Any CPU
		{70EC5DCE-6139-4203-95F0-4DD6435D9468}.Debug|Any CPU.ActiveCfg = Debug|Any CPU
		{70EC5DCE-6139-4203-95F0-4DD6435D9468}.Debug|Any CPU.Build.0 = Debug|Any CPU
		{70EC5DCE-6139-4203-95F0-4DD6435D9468}.Release|Any CPU.ActiveCfg = Release|Any CPU
		{70EC5DCE-6139-4203-95F0-4DD6435D9468}.Release|Any CPU.Build.0 = Release|Any CPU
		{95899335-E7B2-4C41-9196-8DA88AB5EE1B}.Debug|Any CPU.ActiveCfg = Debug|Any CPU
		{95899335-E7B2-4C41-9196-8DA88AB5EE1B}.Debug|Any CPU.Build.0 = Debug|Any CPU
		{95899335-E7B2-4C41-9196-8DA88AB5EE1B}.Release|Any CPU.ActiveCfg = Release|Any CPU
		{95899335-E7B2-4C41-9196-8DA88AB5EE1B}.Release|Any CPU.Build.0 = Release|Any CPU
		{9EAF6AA9-B8C9-468B-B8C8-AA01A33879A7}.Debug|Any CPU.ActiveCfg = Debug|Any CPU
		{9EAF6AA9-B8C9-468B-B8C8-AA01A33879A7}.Debug|Any CPU.Build.0 = Debug|Any CPU
		{9EAF6AA9-B8C9-468B-B8C8-AA01A33879A7}.Release|Any CPU.ActiveCfg = Release|Any CPU
		{9EAF6AA9-B8C9-468B-B8C8-AA01A33879A7}.Release|Any CPU.Build.0 = Release|Any CPU
	EndGlobalSection
	GlobalSection(SolutionProperties) = preSolution
		HideSolutionNode = FALSE
	EndGlobalSection
	GlobalSection(NestedProjects) = preSolution
		{A15E9639-91DA-47B5-A0F2-0C63D2BA61F5} = {800FA7D3-39B3-4E39-8F9A-89BC33883BCD}
		{9E2884FC-797A-405E-A48A-6955B5033C81} = {800FA7D3-39B3-4E39-8F9A-89BC33883BCD}
		{D1CA8C8B-27FD-4B71-BFF2-9E03DE9EE494} = {800FA7D3-39B3-4E39-8F9A-89BC33883BCD}
		{DB4BB985-812F-4653-9841-452E306BE00D} = {7B0534B1-C837-442C-B89B-09E1C216EFF2}
		{FFA96EB6-345F-4EE5-BA12-336CA76C2CDB} = {7B0534B1-C837-442C-B89B-09E1C216EFF2}
		{CFA79DA5-ED34-4216-8459-2495BDD6ABFB} = {DB4BB985-812F-4653-9841-452E306BE00D}
		{70EC5DCE-6139-4203-95F0-4DD6435D9468} = {FFA96EB6-345F-4EE5-BA12-336CA76C2CDB}
		{95899335-E7B2-4C41-9196-8DA88AB5EE1B} = {800FA7D3-39B3-4E39-8F9A-89BC33883BCD}
		{9EAF6AA9-B8C9-468B-B8C8-AA01A33879A7} = {800FA7D3-39B3-4E39-8F9A-89BC33883BCD}
	EndGlobalSection
	GlobalSection(ExtensibilityGlobals) = postSolution
		SolutionGuid = {3417A1B4-5558-4EC9-AD4F-4D60CD8FCC5F}
	EndGlobalSection
EndGlobal
