
Microsoft Visual Studio Solution File, Format Version 12.00
# Visual Studio Version 16
VisualStudioVersion = 16.0.30717.126
MinimumVisualStudioVersion = 10.0.40219.1
Project("{2150E333-8FDC-42A3-9474-1A3956D46DE8}") = "src", "src", "{800FA7D3-39B3-4E39-8F9A-89BC33883BCD}"
EndProject
Project("{2150E333-8FDC-42A3-9474-1A3956D46DE8}") = "tests", "tests", "{7B0534B1-C837-442C-B89B-09E1C216EFF2}"
EndProject
Project("{9A19103F-16F7-4668-BE54-9A1E7A4F7556}") = "Hw.Api", "src\Hw.Api\Hw.Api.csproj", "{9CF34102-9679-47E3-9194-5173858A0379}"
EndProject
Project("{9A19103F-16F7-4668-BE54-9A1E7A4F7556}") = "Hw.Api.Application", "src\Hw.Api.Application\Hw.Api.Application.csproj", "{F0141A26-BD56-4E88-A0DC-456B6642F6AA}"
EndProject
Project("{9A19103F-16F7-4668-BE54-9A1E7A4F7556}") = "Hw.Api.Data", "src\Hw.Api.Data\Hw.Api.Data.csproj", "{1AE606CD-279A-49D8-9ABC-B5FD20002D37}"
EndProject
Project("{9A19103F-16F7-4668-BE54-9A1E7A4F7556}") = "Hw.Api.Domain", "src\Hw.Api.Domain\Hw.Api.Domain.csproj", "{A15E9639-91DA-47B5-A0F2-0C63D2BA61F5}"
EndProject
Project("{9A19103F-16F7-4668-BE54-9A1E7A4F7556}") = "Hw.Api.Infrastructure", "src\Hw.Api.Infrastructure\Hw.Api.Infrastructure.csproj", "{9E2884FC-797A-405E-A48A-6955B5033C81}"
EndProject
Project("{9A19103F-16F7-4668-BE54-9A1E7A4F7556}") = "Hw.Api.Ioc", "src\Hw.Api.Ioc\Hw.Api.Ioc.csproj", "{D1CA8C8B-27FD-4B71-BFF2-9E03DE9EE494}"
EndProject
Project("{FAE04EC0-301F-11D3-BF4B-00C04F79EFBC}") = "Hw.Api.Tests.Integration", "Hw.Api.Tests.Integration\Hw.Api.Tests.Integration.csproj", "{90E23A7D-F88F-4523-B563-2E1D902D6EE7}"
EndProject
Project("{FAE04EC0-301F-11D3-BF4B-00C04F79EFBC}") = "Hw.Api.Tests.Unit", "Hw.Api.Tests.Unit\Hw.Api.Tests.Unit.csproj", "{C3B14637-8068-4E5B-A2D3-4BAB9CF31CD0}"
EndProject
Global
	GlobalSection(SolutionConfigurationPlatforms) = preSolution
		Debug|Any CPU = Debug|Any CPU
		Release|Any CPU = Release|Any CPU
	EndGlobalSection
	GlobalSection(ProjectConfigurationPlatforms) = postSolution
		{9CF34102-9679-47E3-9194-5173858A0379}.Debug|Any CPU.ActiveCfg = Debug|Any CPU
		{9CF34102-9679-47E3-9194-5173858A0379}.Debug|Any CPU.Build.0 = Debug|Any CPU
		{9CF34102-9679-47E3-9194-5173858A0379}.Release|Any CPU.ActiveCfg = Release|Any CPU
		{9CF34102-9679-47E3-9194-5173858A0379}.Release|Any CPU.Build.0 = Release|Any CPU
		{F0141A26-BD56-4E88-A0DC-456B6642F6AA}.Debug|Any CPU.ActiveCfg = Debug|Any CPU
		{F0141A26-BD56-4E88-A0DC-456B6642F6AA}.Debug|Any CPU.Build.0 = Debug|Any CPU
		{F0141A26-BD56-4E88-A0DC-456B6642F6AA}.Release|Any CPU.ActiveCfg = Release|Any CPU
		{F0141A26-BD56-4E88-A0DC-456B6642F6AA}.Release|Any CPU.Build.0 = Release|Any CPU
		{1AE606CD-279A-49D8-9ABC-B5FD20002D37}.Debug|Any CPU.ActiveCfg = Debug|Any CPU
		{1AE606CD-279A-49D8-9ABC-B5FD20002D37}.Debug|Any CPU.Build.0 = Debug|Any CPU
		{1AE606CD-279A-49D8-9ABC-B5FD20002D37}.Release|Any CPU.ActiveCfg = Release|Any CPU
		{1AE606CD-279A-49D8-9ABC-B5FD20002D37}.Release|Any CPU.Build.0 = Release|Any CPU
		{A15E9639-91DA-47B5-A0F2-0C63D2BA61F5}.Debug|Any CPU.ActiveCfg = Debug|Any CPU
		{A15E9639-91DA-47B5-A0F2-0C63D2BA61F5}.Debug|Any CPU.Build.0 = Debug|Any CPU
		{A15E9639-91DA-47B5-A0F2-0C63D2BA61F5}.Release|Any CPU.ActiveCfg = Release|Any CPU
		{A15E9639-91DA-47B5-A0F2-0C63D2BA61F5}.Release|Any CPU.Build.0 = Release|Any CPU
		{9E2884FC-797A-405E-A48A-6955B5033C81}.Debug|Any CPU.ActiveCfg = Debug|Any CPU
		{9E2884FC-797A-405E-A48A-6955B5033C81}.Debug|Any CPU.Build.0 = Debug|Any CPU
		{9E2884FC-797A-405E-A48A-6955B5033C81}.Release|Any CPU.ActiveCfg = Release|Any CPU
		{9E2884FC-797A-405E-A48A-6955B5033C81}.Release|Any CPU.Build.0 = Release|Any CPU
		{D1CA8C8B-27FD-4B71-BFF2-9E03DE9EE494}.Debug|Any CPU.ActiveCfg = Debug|Any CPU
		{D1CA8C8B-27FD-4B71-BFF2-9E03DE9EE494}.Debug|Any CPU.Build.0 = Debug|Any CPU
		{D1CA8C8B-27FD-4B71-BFF2-9E03DE9EE494}.Release|Any CPU.ActiveCfg = Release|Any CPU
		{D1CA8C8B-27FD-4B71-BFF2-9E03DE9EE494}.Release|Any CPU.Build.0 = Release|Any CPU
		{90E23A7D-F88F-4523-B563-2E1D902D6EE7}.Debug|Any CPU.ActiveCfg = Debug|Any CPU
		{90E23A7D-F88F-4523-B563-2E1D902D6EE7}.Debug|Any CPU.Build.0 = Debug|Any CPU
		{90E23A7D-F88F-4523-B563-2E1D902D6EE7}.Release|Any CPU.ActiveCfg = Release|Any CPU
		{90E23A7D-F88F-4523-B563-2E1D902D6EE7}.Release|Any CPU.Build.0 = Release|Any CPU
		{C3B14637-8068-4E5B-A2D3-4BAB9CF31CD0}.Debug|Any CPU.ActiveCfg = Debug|Any CPU
		{C3B14637-8068-4E5B-A2D3-4BAB9CF31CD0}.Debug|Any CPU.Build.0 = Debug|Any CPU
		{C3B14637-8068-4E5B-A2D3-4BAB9CF31CD0}.Release|Any CPU.ActiveCfg = Release|Any CPU
		{C3B14637-8068-4E5B-A2D3-4BAB9CF31CD0}.Release|Any CPU.Build.0 = Release|Any CPU
	EndGlobalSection
	GlobalSection(SolutionProperties) = preSolution
		HideSolutionNode = FALSE
	EndGlobalSection
	GlobalSection(NestedProjects) = preSolution
		{9CF34102-9679-47E3-9194-5173858A0379} = {800FA7D3-39B3-4E39-8F9A-89BC33883BCD}
		{F0141A26-BD56-4E88-A0DC-456B6642F6AA} = {800FA7D3-39B3-4E39-8F9A-89BC33883BCD}
		{1AE606CD-279A-49D8-9ABC-B5FD20002D37} = {800FA7D3-39B3-4E39-8F9A-89BC33883BCD}
		{A15E9639-91DA-47B5-A0F2-0C63D2BA61F5} = {800FA7D3-39B3-4E39-8F9A-89BC33883BCD}
		{9E2884FC-797A-405E-A48A-6955B5033C81} = {800FA7D3-39B3-4E39-8F9A-89BC33883BCD}
		{D1CA8C8B-27FD-4B71-BFF2-9E03DE9EE494} = {800FA7D3-39B3-4E39-8F9A-89BC33883BCD}
	EndGlobalSection
	GlobalSection(ExtensibilityGlobals) = postSolution
		SolutionGuid = {3417A1B4-5558-4EC9-AD4F-4D60CD8FCC5F}
	EndGlobalSection
EndGlobal
